
Microsoft Visual Studio Solution File, Format Version 12.00
# Visual Studio Version 16
VisualStudioVersion = 16.0.31424.327
MinimumVisualStudioVersion = 10.0.40219.1
Project("{FAE04EC0-301F-11D3-BF4B-00C04F79EFBC}") = "Conjuntos2", "Conjuntos2\Conjuntos2.csproj", "{3496199F-1C6A-49E5-9EA3-B8EDB63AB00C}"
EndProject
Global
	GlobalSection(SolutionConfigurationPlatforms) = preSolution
		Debug|Any CPU = Debug|Any CPU
		Release|Any CPU = Release|Any CPU
	EndGlobalSection
	GlobalSection(ProjectConfigurationPlatforms) = postSolution
		{3496199F-1C6A-49E5-9EA3-B8EDB63AB00C}.Debug|Any CPU.ActiveCfg = Debug|Any CPU
		{3496199F-1C6A-49E5-9EA3-B8EDB63AB00C}.Debug|Any CPU.Build.0 = Debug|Any CPU
		{3496199F-1C6A-49E5-9EA3-B8EDB63AB00C}.Release|Any CPU.ActiveCfg = Release|Any CPU
		{3496199F-1C6A-49E5-9EA3-B8EDB63AB00C}.Release|Any CPU.Build.0 = Release|Any CPU
	EndGlobalSection
	GlobalSection(SolutionProperties) = preSolution
		HideSolutionNode = FALSE
	EndGlobalSection
	GlobalSection(ExtensibilityGlobals) = postSolution
		SolutionGuid = {D5A8B42C-0058-482F-8390-BE5B9FD7180D}
	EndGlobalSection
EndGlobal
